
Microsoft Visual Studio Solution File, Format Version 12.00
# Visual Studio Version 17
VisualStudioVersion = 17.10.35027.167
MinimumVisualStudioVersion = 10.0.40219.1
Project("{FAE04EC0-301F-11D3-BF4B-00C04F79EFBC}") = "WinFormsApp1", "WinFormsApp1\WinFormsApp1.csproj", "{61D06DFA-4561-4A30-93AE-67CDFFC2EF23}"
EndProject
Global
	GlobalSection(SolutionConfigurationPlatforms) = preSolution
		Debug|Any CPU = Debug|Any CPU
		Release|Any CPU = Release|Any CPU
	EndGlobalSection
	GlobalSection(ProjectConfigurationPlatforms) = postSolution
		{61D06DFA-4561-4A30-93AE-67CDFFC2EF23}.Debug|Any CPU.ActiveCfg = Debug|Any CPU
		{61D06DFA-4561-4A30-93AE-67CDFFC2EF23}.Debug|Any CPU.Build.0 = Debug|Any CPU
		{61D06DFA-4561-4A30-93AE-67CDFFC2EF23}.Release|Any CPU.ActiveCfg = Release|Any CPU
		{61D06DFA-4561-4A30-93AE-67CDFFC2EF23}.Release|Any CPU.Build.0 = Release|Any CPU
	EndGlobalSection
	GlobalSection(SolutionProperties) = preSolution
		HideSolutionNode = FALSE
	EndGlobalSection
	GlobalSection(ExtensibilityGlobals) = postSolution
		SolutionGuid = {CE7DEC14-7731-4BD8-ACD1-5951F714439C}
	EndGlobalSection
EndGlobal
